
Microsoft Visual Studio Solution File, Format Version 12.00
# Visual Studio Version 17
VisualStudioVersion = 17.11.35327.3
MinimumVisualStudioVersion = 10.0.40219.1
Project("{FAE04EC0-301F-11D3-BF4B-00C04F79EFBC}") = "Pratik - Identity and Data Protection", "Pratik - Identity and Data Protection\Pratik - Identity and Data Protection.csproj", "{71736B5F-8B96-4338-B6CB-C814183E6A9B}"
EndProject
Global
	GlobalSection(SolutionConfigurationPlatforms) = preSolution
		Debug|Any CPU = Debug|Any CPU
		Release|Any CPU = Release|Any CPU
	EndGlobalSection
	GlobalSection(ProjectConfigurationPlatforms) = postSolution
		{71736B5F-8B96-4338-B6CB-C814183E6A9B}.Debug|Any CPU.ActiveCfg = Debug|Any CPU
		{71736B5F-8B96-4338-B6CB-C814183E6A9B}.Debug|Any CPU.Build.0 = Debug|Any CPU
		{71736B5F-8B96-4338-B6CB-C814183E6A9B}.Release|Any CPU.ActiveCfg = Release|Any CPU
		{71736B5F-8B96-4338-B6CB-C814183E6A9B}.Release|Any CPU.Build.0 = Release|Any CPU
	EndGlobalSection
	GlobalSection(SolutionProperties) = preSolution
		HideSolutionNode = FALSE
	EndGlobalSection
	GlobalSection(ExtensibilityGlobals) = postSolution
		SolutionGuid = {3AA38D03-002B-45FB-AA5F-CD2324A9B3C0}
	EndGlobalSection
EndGlobal
